
Microsoft Visual Studio Solution File, Format Version 12.00
# Visual Studio Version 16
VisualStudioVersion = 16.0.30907.101
MinimumVisualStudioVersion = 10.0.40219.1
Project("{FAE04EC0-301F-11D3-BF4B-00C04F79EFBC}") = "Onbox.Revit.Tests.Sample", "src\Onbox.Revit.Tests.Sample\Onbox.Revit.Tests.Sample.csproj", "{8641D635-3F09-4FBC-9579-F4DF5CEEF1A7}"
EndProject
Project("{2150E333-8FDC-42A3-9474-1A3956D46DE8}") = "src", "src", "{17B63756-7820-482A-AAF0-36AAD6522189}"
EndProject
Project("{FAE04EC0-301F-11D3-BF4B-00C04F79EFBC}") = "Onbox.Revit.Tests", "tests\Onbox.Revit.Tests\Onbox.Revit.Tests.csproj", "{058AEA72-FDF6-4784-8BEB-CD83EE7A8BF4}"
EndProject
Project("{2150E333-8FDC-42A3-9474-1A3956D46DE8}") = "tests", "tests", "{11B6F397-27A8-4484-B0E0-99BA3BDACBE2}"
EndProject
Project("{FAE04EC0-301F-11D3-BF4B-00C04F79EFBC}") = "TestRunner", "tests\TestRunner\TestRunner.csproj", "{2C9AF93B-BC10-4BF2-936A-CD63C29B24E7}"
EndProject
Global
	GlobalSection(SolutionConfigurationPlatforms) = preSolution
		D2019|Any CPU = D2019|Any CPU
		D2019|x64 = D2019|x64
		D2020|Any CPU = D2020|Any CPU
		D2020|x64 = D2020|x64
		D2021|Any CPU = D2021|Any CPU
		D2021|x64 = D2021|x64
		Debug|Any CPU = Debug|Any CPU
		Debug|x64 = Debug|x64
		R2019|Any CPU = R2019|Any CPU
		R2019|x64 = R2019|x64
		R2020|Any CPU = R2020|Any CPU
		R2020|x64 = R2020|x64
		R2021|Any CPU = R2021|Any CPU
		R2021|x64 = R2021|x64
		Release|Any CPU = Release|Any CPU
		Release|x64 = Release|x64
	EndGlobalSection
	GlobalSection(ProjectConfigurationPlatforms) = postSolution
		{8641D635-3F09-4FBC-9579-F4DF5CEEF1A7}.D2019|Any CPU.ActiveCfg = D2019|x64
		{8641D635-3F09-4FBC-9579-F4DF5CEEF1A7}.D2019|x64.ActiveCfg = D2019|x64
		{8641D635-3F09-4FBC-9579-F4DF5CEEF1A7}.D2019|x64.Build.0 = D2019|x64
		{8641D635-3F09-4FBC-9579-F4DF5CEEF1A7}.D2020|Any CPU.ActiveCfg = D2020|x64
		{8641D635-3F09-4FBC-9579-F4DF5CEEF1A7}.D2020|x64.ActiveCfg = D2020|x64
		{8641D635-3F09-4FBC-9579-F4DF5CEEF1A7}.D2020|x64.Build.0 = D2020|x64
		{8641D635-3F09-4FBC-9579-F4DF5CEEF1A7}.D2021|Any CPU.ActiveCfg = D2021|x64
		{8641D635-3F09-4FBC-9579-F4DF5CEEF1A7}.D2021|x64.ActiveCfg = D2021|x64
		{8641D635-3F09-4FBC-9579-F4DF5CEEF1A7}.D2021|x64.Build.0 = D2021|x64
		{8641D635-3F09-4FBC-9579-F4DF5CEEF1A7}.Debug|Any CPU.ActiveCfg = R2021|x64
		{8641D635-3F09-4FBC-9579-F4DF5CEEF1A7}.Debug|Any CPU.Build.0 = R2021|x64
		{8641D635-3F09-4FBC-9579-F4DF5CEEF1A7}.Debug|x64.ActiveCfg = D2021|x64
		{8641D635-3F09-4FBC-9579-F4DF5CEEF1A7}.Debug|x64.Build.0 = D2021|x64
		{8641D635-3F09-4FBC-9579-F4DF5CEEF1A7}.R2019|Any CPU.ActiveCfg = R2019|x64
		{8641D635-3F09-4FBC-9579-F4DF5CEEF1A7}.R2019|x64.ActiveCfg = R2019|x64
		{8641D635-3F09-4FBC-9579-F4DF5CEEF1A7}.R2019|x64.Build.0 = R2019|x64
		{8641D635-3F09-4FBC-9579-F4DF5CEEF1A7}.R2020|Any CPU.ActiveCfg = R2020|x64
		{8641D635-3F09-4FBC-9579-F4DF5CEEF1A7}.R2020|x64.ActiveCfg = R2020|x64
		{8641D635-3F09-4FBC-9579-F4DF5CEEF1A7}.R2020|x64.Build.0 = R2020|x64
		{8641D635-3F09-4FBC-9579-F4DF5CEEF1A7}.R2021|Any CPU.ActiveCfg = R2021|x64
		{8641D635-3F09-4FBC-9579-F4DF5CEEF1A7}.R2021|x64.ActiveCfg = R2021|x64
		{8641D635-3F09-4FBC-9579-F4DF5CEEF1A7}.R2021|x64.Build.0 = R2021|x64
		{8641D635-3F09-4FBC-9579-F4DF5CEEF1A7}.Release|Any CPU.ActiveCfg = R2021|x64
		{8641D635-3F09-4FBC-9579-F4DF5CEEF1A7}.Release|Any CPU.Build.0 = R2021|x64
		{8641D635-3F09-4FBC-9579-F4DF5CEEF1A7}.Release|x64.ActiveCfg = R2021|x64
		{8641D635-3F09-4FBC-9579-F4DF5CEEF1A7}.Release|x64.Build.0 = R2021|x64
		{058AEA72-FDF6-4784-8BEB-CD83EE7A8BF4}.D2019|Any CPU.ActiveCfg = D2019|x64
		{058AEA72-FDF6-4784-8BEB-CD83EE7A8BF4}.D2019|x64.ActiveCfg = D2019|x64
		{058AEA72-FDF6-4784-8BEB-CD83EE7A8BF4}.D2019|x64.Build.0 = D2019|x64
		{058AEA72-FDF6-4784-8BEB-CD83EE7A8BF4}.D2020|Any CPU.ActiveCfg = D2020|x64
		{058AEA72-FDF6-4784-8BEB-CD83EE7A8BF4}.D2020|x64.ActiveCfg = D2020|x64
		{058AEA72-FDF6-4784-8BEB-CD83EE7A8BF4}.D2020|x64.Build.0 = D2020|x64
		{058AEA72-FDF6-4784-8BEB-CD83EE7A8BF4}.D2021|Any CPU.ActiveCfg = D2021|x64
		{058AEA72-FDF6-4784-8BEB-CD83EE7A8BF4}.D2021|x64.ActiveCfg = D2021|x64
		{058AEA72-FDF6-4784-8BEB-CD83EE7A8BF4}.D2021|x64.Build.0 = D2021|x64
		{058AEA72-FDF6-4784-8BEB-CD83EE7A8BF4}.Debug|Any CPU.ActiveCfg = R2021|x64
		{058AEA72-FDF6-4784-8BEB-CD83EE7A8BF4}.Debug|Any CPU.Build.0 = R2021|x64
		{058AEA72-FDF6-4784-8BEB-CD83EE7A8BF4}.Debug|x64.ActiveCfg = D2021|x64
		{058AEA72-FDF6-4784-8BEB-CD83EE7A8BF4}.Debug|x64.Build.0 = D2021|x64
		{058AEA72-FDF6-4784-8BEB-CD83EE7A8BF4}.R2019|Any CPU.ActiveCfg = R2019|x64
		{058AEA72-FDF6-4784-8BEB-CD83EE7A8BF4}.R2019|x64.ActiveCfg = R2019|x64
		{058AEA72-FDF6-4784-8BEB-CD83EE7A8BF4}.R2019|x64.Build.0 = R2019|x64
		{058AEA72-FDF6-4784-8BEB-CD83EE7A8BF4}.R2020|Any CPU.ActiveCfg = R2020|x64
		{058AEA72-FDF6-4784-8BEB-CD83EE7A8BF4}.R2020|x64.ActiveCfg = R2020|x64
		{058AEA72-FDF6-4784-8BEB-CD83EE7A8BF4}.R2020|x64.Build.0 = R2020|x64
		{058AEA72-FDF6-4784-8BEB-CD83EE7A8BF4}.R2021|Any CPU.ActiveCfg = R2021|x64
		{058AEA72-FDF6-4784-8BEB-CD83EE7A8BF4}.R2021|x64.ActiveCfg = R2021|x64
		{058AEA72-FDF6-4784-8BEB-CD83EE7A8BF4}.R2021|x64.Build.0 = R2021|x64
		{058AEA72-FDF6-4784-8BEB-CD83EE7A8BF4}.Release|Any CPU.ActiveCfg = R2021|x64
		{058AEA72-FDF6-4784-8BEB-CD83EE7A8BF4}.Release|Any CPU.Build.0 = R2021|x64
		{058AEA72-FDF6-4784-8BEB-CD83EE7A8BF4}.Release|x64.ActiveCfg = R2021|x64
		{058AEA72-FDF6-4784-8BEB-CD83EE7A8BF4}.Release|x64.Build.0 = R2021|x64
		{2C9AF93B-BC10-4BF2-936A-CD63C29B24E7}.D2019|Any CPU.ActiveCfg = Debug|Any CPU
		{2C9AF93B-BC10-4BF2-936A-CD63C29B24E7}.D2019|Any CPU.Build.0 = Debug|Any CPU
		{2C9AF93B-BC10-4BF2-936A-CD63C29B24E7}.D2019|x64.ActiveCfg = Debug|x64
		{2C9AF93B-BC10-4BF2-936A-CD63C29B24E7}.D2019|x64.Build.0 = Debug|x64
		{2C9AF93B-BC10-4BF2-936A-CD63C29B24E7}.D2020|Any CPU.ActiveCfg = Debug|Any CPU
		{2C9AF93B-BC10-4BF2-936A-CD63C29B24E7}.D2020|Any CPU.Build.0 = Debug|Any CPU
		{2C9AF93B-BC10-4BF2-936A-CD63C29B24E7}.D2020|x64.ActiveCfg = Debug|Any CPU
		{2C9AF93B-BC10-4BF2-936A-CD63C29B24E7}.D2020|x64.Build.0 = Debug|Any CPU
		{2C9AF93B-BC10-4BF2-936A-CD63C29B24E7}.D2021|Any CPU.ActiveCfg = Debug|Any CPU
		{2C9AF93B-BC10-4BF2-936A-CD63C29B24E7}.D2021|Any CPU.Build.0 = Debug|Any CPU
		{2C9AF93B-BC10-4BF2-936A-CD63C29B24E7}.D2021|x64.ActiveCfg = Debug|Any CPU
		{2C9AF93B-BC10-4BF2-936A-CD63C29B24E7}.D2021|x64.Build.0 = Debug|Any CPU
		{2C9AF93B-BC10-4BF2-936A-CD63C29B24E7}.Debug|Any CPU.ActiveCfg = Debug|Any CPU
		{2C9AF93B-BC10-4BF2-936A-CD63C29B24E7}.Debug|Any CPU.Build.0 = Debug|Any CPU
		{2C9AF93B-BC10-4BF2-936A-CD63C29B24E7}.Debug|x64.ActiveCfg = Debug|Any CPU
		{2C9AF93B-BC10-4BF2-936A-CD63C29B24E7}.Debug|x64.Build.0 = Debug|Any CPU
		{2C9AF93B-BC10-4BF2-936A-CD63C29B24E7}.R2019|Any CPU.ActiveCfg = Release|Any CPU
		{2C9AF93B-BC10-4BF2-936A-CD63C29B24E7}.R2019|Any CPU.Build.0 = Release|Any CPU
		{2C9AF93B-BC10-4BF2-936A-CD63C29B24E7}.R2019|x64.ActiveCfg = Release|Any CPU
		{2C9AF93B-BC10-4BF2-936A-CD63C29B24E7}.R2019|x64.Build.0 = Release|Any CPU
		{2C9AF93B-BC10-4BF2-936A-CD63C29B24E7}.R2020|Any CPU.ActiveCfg = Release|Any CPU
		{2C9AF93B-BC10-4BF2-936A-CD63C29B24E7}.R2020|Any CPU.Build.0 = Release|Any CPU
		{2C9AF93B-BC10-4BF2-936A-CD63C29B24E7}.R2020|x64.ActiveCfg = Release|Any CPU
		{2C9AF93B-BC10-4BF2-936A-CD63C29B24E7}.R2020|x64.Build.0 = Release|Any CPU
		{2C9AF93B-BC10-4BF2-936A-CD63C29B24E7}.R2021|Any CPU.ActiveCfg = Release|Any CPU
		{2C9AF93B-BC10-4BF2-936A-CD63C29B24E7}.R2021|Any CPU.Build.0 = Release|Any CPU
		{2C9AF93B-BC10-4BF2-936A-CD63C29B24E7}.R2021|x64.ActiveCfg = Release|Any CPU
		{2C9AF93B-BC10-4BF2-936A-CD63C29B24E7}.R2021|x64.Build.0 = Release|Any CPU
		{2C9AF93B-BC10-4BF2-936A-CD63C29B24E7}.Release|Any CPU.ActiveCfg = Release|Any CPU
		{2C9AF93B-BC10-4BF2-936A-CD63C29B24E7}.Release|Any CPU.Build.0 = Release|Any CPU
		{2C9AF93B-BC10-4BF2-936A-CD63C29B24E7}.Release|x64.ActiveCfg = Release|Any CPU
		{2C9AF93B-BC10-4BF2-936A-CD63C29B24E7}.Release|x64.Build.0 = Release|Any CPU
	EndGlobalSection
	GlobalSection(SolutionProperties) = preSolution
		HideSolutionNode = FALSE
	EndGlobalSection
	GlobalSection(NestedProjects) = preSolution
		{8641D635-3F09-4FBC-9579-F4DF5CEEF1A7} = {17B63756-7820-482A-AAF0-36AAD6522189}
		{058AEA72-FDF6-4784-8BEB-CD83EE7A8BF4} = {11B6F397-27A8-4484-B0E0-99BA3BDACBE2}
		{2C9AF93B-BC10-4BF2-936A-CD63C29B24E7} = {11B6F397-27A8-4484-B0E0-99BA3BDACBE2}
	EndGlobalSection
	GlobalSection(ExtensibilityGlobals) = postSolution
		SolutionGuid = {757000C3-194A-4523-A2D8-06AA7337BC1A}
	EndGlobalSection
EndGlobal
